// !$*UTF8*$!
{
	archiveVersion = 1;
	classes = {
	};
	objectVersion = 55;
	objects = {

/* Begin PBXBuildFile section */
		361B37CF27970BAC009D9424 /* ItemViewController.swift in Sources */ = {isa = PBXBuildFile; fileRef = 361B37CE27970BAC009D9424 /* ItemViewController.swift */; };
		361B37D127973F45009D9424 /* OrderTableViewController.swift in Sources */ = {isa = PBXBuildFile; fileRef = 361B37D027973F45009D9424 /* OrderTableViewController.swift */; };
		361B37D327973FC3009D9424 /* Order.swift in Sources */ = {isa = PBXBuildFile; fileRef = 361B37D227973FC3009D9424 /* Order.swift */; };
		361B37D527974256009D9424 /* OrderManager.swift in Sources */ = {isa = PBXBuildFile; fileRef = 361B37D427974256009D9424 /* OrderManager.swift */; };
		361B37D727980DB8009D9424 /* OrderConfirmationViewController.swift in Sources */ = {isa = PBXBuildFile; fileRef = 361B37D627980DB8009D9424 /* OrderConfirmationViewController.swift */; };
		361B37D92798121B009D9424 /* Duble+Extension.swift in Sources */ = {isa = PBXBuildFile; fileRef = 361B37D82798121B009D9424 /* Duble+Extension.swift */; };
		361B37DB279853AD009D9424 /* PreparationTime.swift in Sources */ = {isa = PBXBuildFile; fileRef = 361B37DA279853AD009D9424 /* PreparationTime.swift */; };
		36C878812792087C00BA161C /* AppDelegate.swift in Sources */ = {isa = PBXBuildFile; fileRef = 36C878802792087C00BA161C /* AppDelegate.swift */; };
		36C878832792087C00BA161C /* SceneDelegate.swift in Sources */ = {isa = PBXBuildFile; fileRef = 36C878822792087C00BA161C /* SceneDelegate.swift */; };
		36C878882792087C00BA161C /* Main.storyboard in Resources */ = {isa = PBXBuildFile; fileRef = 36C878862792087C00BA161C /* Main.storyboard */; };
		36C8788A2792088300BA161C /* Assets.xcassets in Resources */ = {isa = PBXBuildFile; fileRef = 36C878892792088300BA161C /* Assets.xcassets */; };
		36C8788D2792088300BA161C /* LaunchScreen.storyboard in Resources */ = {isa = PBXBuildFile; fileRef = 36C8788B2792088300BA161C /* LaunchScreen.storyboard */; };
		36C8789A2793566500BA161C /* Categories.swift in Sources */ = {isa = PBXBuildFile; fileRef = 36C878992793566500BA161C /* Categories.swift */; };
		36C8789D2793581B00BA161C /* NetworkManager.swift in Sources */ = {isa = PBXBuildFile; fileRef = 36C8789C2793581B00BA161C /* NetworkManager.swift */; };
		36C8789F2793617200BA161C /* CategoryTableViewController.swift in Sources */ = {isa = PBXBuildFile; fileRef = 36C8789E2793617200BA161C /* CategoryTableViewController.swift */; };
		36C878A12794A14000BA161C /* CellManager.swift in Sources */ = {isa = PBXBuildFile; fileRef = 36C878A02794A13F00BA161C /* CellManager.swift */; };
		36C878A32794A47100BA161C /* MenuItem.swift in Sources */ = {isa = PBXBuildFile; fileRef = 36C878A22794A47100BA161C /* MenuItem.swift */; };
		36C878A72794A4B700BA161C /* MenuItems.swift in Sources */ = {isa = PBXBuildFile; fileRef = 36C878A62794A4B700BA161C /* MenuItems.swift */; };
		36C878AA2794A74B00BA161C /* URL+Extension.swift in Sources */ = {isa = PBXBuildFile; fileRef = 36C878A92794A74B00BA161C /* URL+Extension.swift */; };
		36C878AC2794AAA000BA161C /* MenuTableViewController.swift in Sources */ = {isa = PBXBuildFile; fileRef = 36C878AB2794AAA000BA161C /* MenuTableViewController.swift */; };
/* End PBXBuildFile section */

/* Begin PBXFileReference section */
		361B37CE27970BAC009D9424 /* ItemViewController.swift */ = {isa = PBXFileReference; lastKnownFileType = sourcecode.swift; path = ItemViewController.swift; sourceTree = "<group>"; };
		361B37D027973F45009D9424 /* OrderTableViewController.swift */ = {isa = PBXFileReference; lastKnownFileType = sourcecode.swift; path = OrderTableViewController.swift; sourceTree = "<group>"; };
		361B37D227973FC3009D9424 /* Order.swift */ = {isa = PBXFileReference; lastKnownFileType = sourcecode.swift; path = Order.swift; sourceTree = "<group>"; };
		361B37D427974256009D9424 /* OrderManager.swift */ = {isa = PBXFileReference; lastKnownFileType = sourcecode.swift; path = OrderManager.swift; sourceTree = "<group>"; };
		361B37D627980DB8009D9424 /* OrderConfirmationViewController.swift */ = {isa = PBXFileReference; lastKnownFileType = sourcecode.swift; path = OrderConfirmationViewController.swift; sourceTree = "<group>"; };
		361B37D82798121B009D9424 /* Duble+Extension.swift */ = {isa = PBXFileReference; lastKnownFileType = sourcecode.swift; path = "Duble+Extension.swift"; sourceTree = "<group>"; };
		361B37DA279853AD009D9424 /* PreparationTime.swift */ = {isa = PBXFileReference; lastKnownFileType = sourcecode.swift; path = PreparationTime.swift; sourceTree = "<group>"; };
		36C8787D2792087C00BA161C /* Restaurant.app */ = {isa = PBXFileReference; explicitFileType = wrapper.application; includeInIndex = 0; path = Restaurant.app; sourceTree = BUILT_PRODUCTS_DIR; };
		36C878802792087C00BA161C /* AppDelegate.swift */ = {isa = PBXFileReference; lastKnownFileType = sourcecode.swift; path = AppDelegate.swift; sourceTree = "<group>"; };
		36C878822792087C00BA161C /* SceneDelegate.swift */ = {isa = PBXFileReference; lastKnownFileType = sourcecode.swift; path = SceneDelegate.swift; sourceTree = "<group>"; };
		36C878872792087C00BA161C /* Base */ = {isa = PBXFileReference; lastKnownFileType = file.storyboard; name = Base; path = Base.lproj/Main.storyboard; sourceTree = "<group>"; };
		36C878892792088300BA161C /* Assets.xcassets */ = {isa = PBXFileReference; lastKnownFileType = folder.assetcatalog; path = Assets.xcassets; sourceTree = "<group>"; };
		36C8788C2792088300BA161C /* Base */ = {isa = PBXFileReference; lastKnownFileType = file.storyboard; name = Base; path = Base.lproj/LaunchScreen.storyboard; sourceTree = "<group>"; };
		36C8788E2792088300BA161C /* Info.plist */ = {isa = PBXFileReference; lastKnownFileType = text.plist.xml; path = Info.plist; sourceTree = "<group>"; };
		36C878992793566500BA161C /* Categories.swift */ = {isa = PBXFileReference; lastKnownFileType = sourcecode.swift; path = Categories.swift; sourceTree = "<group>"; };
		36C8789C2793581B00BA161C /* NetworkManager.swift */ = {isa = PBXFileReference; lastKnownFileType = sourcecode.swift; path = NetworkManager.swift; sourceTree = "<group>"; };
		36C8789E2793617200BA161C /* CategoryTableViewController.swift */ = {isa = PBXFileReference; lastKnownFileType = sourcecode.swift; path = CategoryTableViewController.swift; sourceTree = "<group>"; };
		36C878A02794A13F00BA161C /* CellManager.swift */ = {isa = PBXFileReference; lastKnownFileType = sourcecode.swift; path = CellManager.swift; sourceTree = "<group>"; };
		36C878A22794A47100BA161C /* MenuItem.swift */ = {isa = PBXFileReference; lastKnownFileType = sourcecode.swift; path = MenuItem.swift; sourceTree = "<group>"; };
		36C878A62794A4B700BA161C /* MenuItems.swift */ = {isa = PBXFileReference; lastKnownFileType = sourcecode.swift; path = MenuItems.swift; sourceTree = "<group>"; };
		36C878A92794A74B00BA161C /* URL+Extension.swift */ = {isa = PBXFileReference; lastKnownFileType = sourcecode.swift; path = "URL+Extension.swift"; sourceTree = "<group>"; };
		36C878AB2794AAA000BA161C /* MenuTableViewController.swift */ = {isa = PBXFileReference; lastKnownFileType = sourcecode.swift; path = MenuTableViewController.swift; sourceTree = "<group>"; };
/* End PBXFileReference section */

/* Begin PBXFrameworksBuildPhase section */
		36C8787A2792087C00BA161C /* Frameworks */ = {
			isa = PBXFrameworksBuildPhase;
			buildActionMask = 2147483647;
			files = (
			);
			runOnlyForDeploymentPostprocessing = 0;
		};
/* End PBXFrameworksBuildPhase section */

/* Begin PBXGroup section */
		36C878742792087C00BA161C = {
			isa = PBXGroup;
			children = (
				36C8787F2792087C00BA161C /* Restaurant */,
				36C8787E2792087C00BA161C /* Products */,
			);
			sourceTree = "<group>";
		};
		36C8787E2792087C00BA161C /* Products */ = {
			isa = PBXGroup;
			children = (
				36C8787D2792087C00BA161C /* Restaurant.app */,
			);
			name = Products;
			sourceTree = "<group>";
		};
		36C8787F2792087C00BA161C /* Restaurant */ = {
			isa = PBXGroup;
			children = (
				36C878962792092100BA161C /* Controllers */,
				36C878A82794A72700BA161C /* Extensions */,
				36C8789B279357E200BA161C /* Managers */,
				36C878982793564300BA161C /* Models */,
				36C878972792098500BA161C /* Resourses */,
				36C878952792090D00BA161C /* Storyboards */,
				36C87894279208EF00BA161C /* SupportedFiles */,
			);
			path = Restaurant;
			sourceTree = "<group>";
		};
		36C87894279208EF00BA161C /* SupportedFiles */ = {
			isa = PBXGroup;
			children = (
				36C878802792087C00BA161C /* AppDelegate.swift */,
				36C878822792087C00BA161C /* SceneDelegate.swift */,
				36C8788E2792088300BA161C /* Info.plist */,
			);
			path = SupportedFiles;
			sourceTree = "<group>";
		};
		36C878952792090D00BA161C /* Storyboards */ = {
			isa = PBXGroup;
			children = (
				36C8788B2792088300BA161C /* LaunchScreen.storyboard */,
				36C878862792087C00BA161C /* Main.storyboard */,
			);
			path = Storyboards;
			sourceTree = "<group>";
		};
		36C878962792092100BA161C /* Controllers */ = {
			isa = PBXGroup;
			children = (
				36C8789E2793617200BA161C /* CategoryTableViewController.swift */,
				36C878AB2794AAA000BA161C /* MenuTableViewController.swift */,
				361B37CE27970BAC009D9424 /* ItemViewController.swift */,
				361B37D027973F45009D9424 /* OrderTableViewController.swift */,
				361B37D627980DB8009D9424 /* OrderConfirmationViewController.swift */,
			);
			path = Controllers;
			sourceTree = "<group>";
		};
		36C878972792098500BA161C /* Resourses */ = {
			isa = PBXGroup;
			children = (
				36C878892792088300BA161C /* Assets.xcassets */,
			);
			path = Resourses;
			sourceTree = "<group>";
		};
		36C878982793564300BA161C /* Models */ = {
			isa = PBXGroup;
			children = (
				36C878992793566500BA161C /* Categories.swift */,
				36C878A22794A47100BA161C /* MenuItem.swift */,
				36C878A62794A4B700BA161C /* MenuItems.swift */,
				361B37D227973FC3009D9424 /* Order.swift */,
				361B37DA279853AD009D9424 /* PreparationTime.swift */,
			);
			path = Models;
			sourceTree = "<group>";
		};
		36C8789B279357E200BA161C /* Managers */ = {
			isa = PBXGroup;
			children = (
				36C8789C2793581B00BA161C /* NetworkManager.swift */,
				36C878A02794A13F00BA161C /* CellManager.swift */,
				361B37D427974256009D9424 /* OrderManager.swift */,
			);
			path = Managers;
			sourceTree = "<group>";
		};
		36C878A82794A72700BA161C /* Extensions */ = {
			isa = PBXGroup;
			children = (
				36C878A92794A74B00BA161C /* URL+Extension.swift */,
				361B37D82798121B009D9424 /* Duble+Extension.swift */,
			);
			path = Extensions;
			sourceTree = "<group>";
		};
/* End PBXGroup section */

/* Begin PBXNativeTarget section */
		36C8787C2792087C00BA161C /* Restaurant */ = {
			isa = PBXNativeTarget;
			buildConfigurationList = 36C878912792088300BA161C /* Build configuration list for PBXNativeTarget "Restaurant" */;
			buildPhases = (
				36C878792792087C00BA161C /* Sources */,
				36C8787A2792087C00BA161C /* Frameworks */,
				36C8787B2792087C00BA161C /* Resources */,
			);
			buildRules = (
			);
			dependencies = (
			);
			name = Restaurant;
			productName = Restaurant;
			productReference = 36C8787D2792087C00BA161C /* Restaurant.app */;
			productType = "com.apple.product-type.application";
		};
/* End PBXNativeTarget section */

/* Begin PBXProject section */
		36C878752792087C00BA161C /* Project object */ = {
			isa = PBXProject;
			attributes = {
				BuildIndependentTargetsInParallel = 1;
				LastSwiftUpdateCheck = 1310;
				LastUpgradeCheck = 1310;
				TargetAttributes = {
					36C8787C2792087C00BA161C = {
						CreatedOnToolsVersion = 13.1;
					};
				};
			};
			buildConfigurationList = 36C878782792087C00BA161C /* Build configuration list for PBXProject "Restaurant" */;
			compatibilityVersion = "Xcode 13.0";
			developmentRegion = en;
			hasScannedForEncodings = 0;
			knownRegions = (
				en,
				Base,
			);
			mainGroup = 36C878742792087C00BA161C;
			productRefGroup = 36C8787E2792087C00BA161C /* Products */;
			projectDirPath = "";
			projectRoot = "";
			targets = (
				36C8787C2792087C00BA161C /* Restaurant */,
			);
		};
/* End PBXProject section */

/* Begin PBXResourcesBuildPhase section */
		36C8787B2792087C00BA161C /* Resources */ = {
			isa = PBXResourcesBuildPhase;
			buildActionMask = 2147483647;
			files = (
				36C8788D2792088300BA161C /* LaunchScreen.storyboard in Resources */,
				36C8788A2792088300BA161C /* Assets.xcassets in Resources */,
				36C878882792087C00BA161C /* Main.storyboard in Resources */,
			);
			runOnlyForDeploymentPostprocessing = 0;
		};
/* End PBXResourcesBuildPhase section */

/* Begin PBXSourcesBuildPhase section */
		36C878792792087C00BA161C /* Sources */ = {
			isa = PBXSourcesBuildPhase;
			buildActionMask = 2147483647;
			files = (
				361B37CF27970BAC009D9424 /* ItemViewController.swift in Sources */,
				36C878AC2794AAA000BA161C /* MenuTableViewController.swift in Sources */,
				36C878A32794A47100BA161C /* MenuItem.swift in Sources */,
				36C878A72794A4B700BA161C /* MenuItems.swift in Sources */,
				361B37DB279853AD009D9424 /* PreparationTime.swift in Sources */,
				361B37D92798121B009D9424 /* Duble+Extension.swift in Sources */,
				361B37D527974256009D9424 /* OrderManager.swift in Sources */,
				361B37D727980DB8009D9424 /* OrderConfirmationViewController.swift in Sources */,
				361B37D127973F45009D9424 /* OrderTableViewController.swift in Sources */,
				36C8789D2793581B00BA161C /* NetworkManager.swift in Sources */,
				36C878A12794A14000BA161C /* CellManager.swift in Sources */,
				36C8789A2793566500BA161C /* Categories.swift in Sources */,
				36C878AA2794A74B00BA161C /* URL+Extension.swift in Sources */,
				36C8789F2793617200BA161C /* CategoryTableViewController.swift in Sources */,
				361B37D327973FC3009D9424 /* Order.swift in Sources */,
				36C878812792087C00BA161C /* AppDelegate.swift in Sources */,
				36C878832792087C00BA161C /* SceneDelegate.swift in Sources */,
			);
			runOnlyForDeploymentPostprocessing = 0;
		};
/* End PBXSourcesBuildPhase section */

/* Begin PBXVariantGroup section */
		36C878862792087C00BA161C /* Main.storyboard */ = {
			isa = PBXVariantGroup;
			children = (
				36C878872792087C00BA161C /* Base */,
			);
			name = Main.storyboard;
			sourceTree = "<group>";
		};
		36C8788B2792088300BA161C /* LaunchScreen.storyboard */ = {
			isa = PBXVariantGroup;
			children = (
				36C8788C2792088300BA161C /* Base */,
			);
			name = LaunchScreen.storyboard;
			sourceTree = "<group>";
		};
/* End PBXVariantGroup section */

/* Begin XCBuildConfiguration section */
		36C8788F2792088300BA161C /* Debug */ = {
			isa = XCBuildConfiguration;
			buildSettings = {
				ALWAYS_SEARCH_USER_PATHS = NO;
				CLANG_ANALYZER_NONNULL = YES;
				CLANG_ANALYZER_NUMBER_OBJECT_CONVERSION = YES_AGGRESSIVE;
				CLANG_CXX_LANGUAGE_STANDARD = "gnu++17";
				CLANG_CXX_LIBRARY = "libc++";
				CLANG_ENABLE_MODULES = YES;
				CLANG_ENABLE_OBJC_ARC = YES;
				CLANG_ENABLE_OBJC_WEAK = YES;
				CLANG_WARN_BLOCK_CAPTURE_AUTORELEASING = YES;
				CLANG_WARN_BOOL_CONVERSION = YES;
				CLANG_WARN_COMMA = YES;
				CLANG_WARN_CONSTANT_CONVERSION = YES;
				CLANG_WARN_DEPRECATED_OBJC_IMPLEMENTATIONS = YES;
				CLANG_WARN_DIRECT_OBJC_ISA_USAGE = YES_ERROR;
				CLANG_WARN_DOCUMENTATION_COMMENTS = YES;
				CLANG_WARN_EMPTY_BODY = YES;
				CLANG_WARN_ENUM_CONVERSION = YES;
				CLANG_WARN_INFINITE_RECURSION = YES;
				CLANG_WARN_INT_CONVERSION = YES;
				CLANG_WARN_NON_LITERAL_NULL_CONVERSION = YES;
				CLANG_WARN_OBJC_IMPLICIT_RETAIN_SELF = YES;
				CLANG_WARN_OBJC_LITERAL_CONVERSION = YES;
				CLANG_WARN_OBJC_ROOT_CLASS = YES_ERROR;
				CLANG_WARN_QUOTED_INCLUDE_IN_FRAMEWORK_HEADER = YES;
				CLANG_WARN_RANGE_LOOP_ANALYSIS = YES;
				CLANG_WARN_STRICT_PROTOTYPES = YES;
				CLANG_WARN_SUSPICIOUS_MOVE = YES;
				CLANG_WARN_UNGUARDED_AVAILABILITY = YES_AGGRESSIVE;
				CLANG_WARN_UNREACHABLE_CODE = YES;
				CLANG_WARN__DUPLICATE_METHOD_MATCH = YES;
				COPY_PHASE_STRIP = NO;
				DEBUG_INFORMATION_FORMAT = dwarf;
				ENABLE_STRICT_OBJC_MSGSEND = YES;
				ENABLE_TESTABILITY = YES;
				GCC_C_LANGUAGE_STANDARD = gnu11;
				GCC_DYNAMIC_NO_PIC = NO;
				GCC_NO_COMMON_BLOCKS = YES;
				GCC_OPTIMIZATION_LEVEL = 0;
				GCC_PREPROCESSOR_DEFINITIONS = (
					"DEBUG=1",
					"$(inherited)",
				);
				GCC_WARN_64_TO_32_BIT_CONVERSION = YES;
				GCC_WARN_ABOUT_RETURN_TYPE = YES_ERROR;
				GCC_WARN_UNDECLARED_SELECTOR = YES;
				GCC_WARN_UNINITIALIZED_AUTOS = YES_AGGRESSIVE;
				GCC_WARN_UNUSED_FUNCTION = YES;
				GCC_WARN_UNUSED_VARIABLE = YES;
				IPHONEOS_DEPLOYMENT_TARGET = 15.0;
				MTL_ENABLE_DEBUG_INFO = INCLUDE_SOURCE;
				MTL_FAST_MATH = YES;
				ONLY_ACTIVE_ARCH = YES;
				SDKROOT = iphoneos;
				SWIFT_ACTIVE_COMPILATION_CONDITIONS = DEBUG;
				SWIFT_OPTIMIZATION_LEVEL = "-Onone";
			};
			name = Debug;
		};
		36C878902792088300BA161C /* Release */ = {
			isa = XCBuildConfiguration;
			buildSettings = {
				ALWAYS_SEARCH_USER_PATHS = NO;
				CLANG_ANALYZER_NONNULL = YES;
				CLANG_ANALYZER_NUMBER_OBJECT_CONVERSION = YES_AGGRESSIVE;
				CLANG_CXX_LANGUAGE_STANDARD = "gnu++17";
				CLANG_CXX_LIBRARY = "libc++";
				CLANG_ENABLE_MODULES = YES;
				CLANG_ENABLE_OBJC_ARC = YES;
				CLANG_ENABLE_OBJC_WEAK = YES;
				CLANG_WARN_BLOCK_CAPTURE_AUTORELEASING = YES;
				CLANG_WARN_BOOL_CONVERSION = YES;
				CLANG_WARN_COMMA = YES;
				CLANG_WARN_CONSTANT_CONVERSION = YES;
				CLANG_WARN_DEPRECATED_OBJC_IMPLEMENTATIONS = YES;
				CLANG_WARN_DIRECT_OBJC_ISA_USAGE = YES_ERROR;
				CLANG_WARN_DOCUMENTATION_COMMENTS = YES;
				CLANG_WARN_EMPTY_BODY = YES;
				CLANG_WARN_ENUM_CONVERSION = YES;
				CLANG_WARN_INFINITE_RECURSION = YES;
				CLANG_WARN_INT_CONVERSION = YES;
				CLANG_WARN_NON_LITERAL_NULL_CONVERSION = YES;
				CLANG_WARN_OBJC_IMPLICIT_RETAIN_SELF = YES;
				CLANG_WARN_OBJC_LITERAL_CONVERSION = YES;
				CLANG_WARN_OBJC_ROOT_CLASS = YES_ERROR;
				CLANG_WARN_QUOTED_INCLUDE_IN_FRAMEWORK_HEADER = YES;
				CLANG_WARN_RANGE_LOOP_ANALYSIS = YES;
				CLANG_WARN_STRICT_PROTOTYPES = YES;
				CLANG_WARN_SUSPICIOUS_MOVE = YES;
				CLANG_WARN_UNGUARDED_AVAILABILITY = YES_AGGRESSIVE;
				CLANG_WARN_UNREACHABLE_CODE = YES;
				CLANG_WARN__DUPLICATE_METHOD_MATCH = YES;
				COPY_PHASE_STRIP = NO;
				DEBUG_INFORMATION_FORMAT = "dwarf-with-dsym";
				ENABLE_NS_ASSERTIONS = NO;
				ENABLE_STRICT_OBJC_MSGSEND = YES;
				GCC_C_LANGUAGE_STANDARD = gnu11;
				GCC_NO_COMMON_BLOCKS = YES;
				GCC_WARN_64_TO_32_BIT_CONVERSION = YES;
				GCC_WARN_ABOUT_RETURN_TYPE = YES_ERROR;
				GCC_WARN_UNDECLARED_SELECTOR = YES;
				GCC_WARN_UNINITIALIZED_AUTOS = YES_AGGRESSIVE;
				GCC_WARN_UNUSED_FUNCTION = YES;
				GCC_WARN_UNUSED_VARIABLE = YES;
				IPHONEOS_DEPLOYMENT_TARGET = 15.0;
				MTL_ENABLE_DEBUG_INFO = NO;
				MTL_FAST_MATH = YES;
				SDKROOT = iphoneos;
				SWIFT_COMPILATION_MODE = wholemodule;
				SWIFT_OPTIMIZATION_LEVEL = "-O";
				VALIDATE_PRODUCT = YES;
			};
			name = Release;
		};
		36C878922792088300BA161C /* Debug */ = {
			isa = XCBuildConfiguration;
			buildSettings = {
				ASSETCATALOG_COMPILER_APPICON_NAME = AppIcon;
				ASSETCATALOG_COMPILER_GLOBAL_ACCENT_COLOR_NAME = AccentColor;
				CODE_SIGN_STYLE = Automatic;
				CURRENT_PROJECT_VERSION = 1;
				DEVELOPMENT_TEAM = CJ7JF497NG;
				GENERATE_INFOPLIST_FILE = YES;
				INFOPLIST_FILE = Restaurant/SupportedFiles/Info.plist;
				INFOPLIST_KEY_UIApplicationSupportsIndirectInputEvents = YES;
				INFOPLIST_KEY_UILaunchStoryboardName = LaunchScreen;
				INFOPLIST_KEY_UIMainStoryboardFile = Main;
				INFOPLIST_KEY_UISupportedInterfaceOrientations_iPad = "UIInterfaceOrientationPortrait UIInterfaceOrientationPortraitUpsideDown UIInterfaceOrientationLandscapeLeft UIInterfaceOrientationLandscapeRight";
				INFOPLIST_KEY_UISupportedInterfaceOrientations_iPhone = "UIInterfaceOrientationPortrait UIInterfaceOrientationLandscapeLeft UIInterfaceOrientationLandscapeRight";
				LD_RUNPATH_SEARCH_PATHS = (
					"$(inherited)",
					"@executable_path/Frameworks",
				);
				MARKETING_VERSION = 1.0;
				PRODUCT_BUNDLE_IDENTIFIER = com.example.Restaurant;
				PRODUCT_NAME = "$(TARGET_NAME)";
				SWIFT_EMIT_LOC_STRINGS = YES;
				SWIFT_VERSION = 5.0;
				TARGETED_DEVICE_FAMILY = "1,2";
			};
			name = Debug;
		};
		36C878932792088300BA161C /* Release */ = {
			isa = XCBuildConfiguration;
			buildSettings = {
				ASSETCATALOG_COMPILER_APPICON_NAME = AppIcon;
				ASSETCATALOG_COMPILER_GLOBAL_ACCENT_COLOR_NAME = AccentColor;
				CODE_SIGN_STYLE = Automatic;
				CURRENT_PROJECT_VERSION = 1;
				DEVELOPMENT_TEAM = CJ7JF497NG;
				GENERATE_INFOPLIST_FILE = YES;
				INFOPLIST_FILE = Restaurant/SupportedFiles/Info.plist;
				INFOPLIST_KEY_UIApplicationSupportsIndirectInputEvents = YES;
				INFOPLIST_KEY_UILaunchStoryboardName = LaunchScreen;
				INFOPLIST_KEY_UIMainStoryboardFile = Main;
				INFOPLIST_KEY_UISupportedInterfaceOrientations_iPad = "UIInterfaceOrientationPortrait UIInterfaceOrientationPortraitUpsideDown UIInterfaceOrientationLandscapeLeft UIInterfaceOrientationLandscapeRight";
				INFOPLIST_KEY_UISupportedInterfaceOrientations_iPhone = "UIInterfaceOrientationPortrait UIInterfaceOrientationLandscapeLeft UIInterfaceOrientationLandscapeRight";
				LD_RUNPATH_SEARCH_PATHS = (
					"$(inherited)",
					"@executable_path/Frameworks",
				);
				MARKETING_VERSION = 1.0;
				PRODUCT_BUNDLE_IDENTIFIER = com.example.Restaurant;
				PRODUCT_NAME = "$(TARGET_NAME)";
				SWIFT_EMIT_LOC_STRINGS = YES;
				SWIFT_VERSION = 5.0;
				TARGETED_DEVICE_FAMILY = "1,2";
			};
			name = Release;
		};
/* End XCBuildConfiguration section */

/* Begin XCConfigurationList section */
		36C878782792087C00BA161C /* Build configuration list for PBXProject "Restaurant" */ = {
			isa = XCConfigurationList;
			buildConfigurations = (
				36C8788F2792088300BA161C /* Debug */,
				36C878902792088300BA161C /* Release */,
			);
			defaultConfigurationIsVisible = 0;
			defaultConfigurationName = Release;
		};
		36C878912792088300BA161C /* Build configuration list for PBXNativeTarget "Restaurant" */ = {
			isa = XCConfigurationList;
			buildConfigurations = (
				36C878922792088300BA161C /* Debug */,
				36C878932792088300BA161C /* Release */,
			);
			defaultConfigurationIsVisible = 0;
			defaultConfigurationName = Release;
		};
/* End XCConfigurationList section */
	};
	rootObject = 36C878752792087C00BA161C /* Project object */;
}
